
Microsoft Visual Studio Solution File, Format Version 12.00
# Visual Studio Version 17
VisualStudioVersion = 17.14.36511.14 d17.14
MinimumVisualStudioVersion = 10.0.40219.1
Project("{FAE04EC0-301F-11D3-BF4B-00C04F79EFBC}") = "C_51125_ProyClaseQ4", "C_51125_ProyClaseQ4\C_51125_ProyClaseQ4.csproj", "{3961BF70-CE99-407B-8C49-07157D30AD1E}"
EndProject
Global
	GlobalSection(SolutionConfigurationPlatforms) = preSolution
		Debug|Any CPU = Debug|Any CPU
		Release|Any CPU = Release|Any CPU
	EndGlobalSection
	GlobalSection(ProjectConfigurationPlatforms) = postSolution
		{3961BF70-CE99-407B-8C49-07157D30AD1E}.Debug|Any CPU.ActiveCfg = Debug|Any CPU
		{3961BF70-CE99-407B-8C49-07157D30AD1E}.Debug|Any CPU.Build.0 = Debug|Any CPU
		{3961BF70-CE99-407B-8C49-07157D30AD1E}.Release|Any CPU.ActiveCfg = Release|Any CPU
		{3961BF70-CE99-407B-8C49-07157D30AD1E}.Release|Any CPU.Build.0 = Release|Any CPU
	EndGlobalSection
	GlobalSection(SolutionProperties) = preSolution
		HideSolutionNode = FALSE
	EndGlobalSection
	GlobalSection(ExtensibilityGlobals) = postSolution
		SolutionGuid = {D0214BEE-CB0F-452B-8353-89FD167EDCBF}
	EndGlobalSection
EndGlobal
